
Microsoft Visual Studio Solution File, Format Version 12.00
# Visual Studio Version 17
VisualStudioVersion = 17.10.34607.79
MinimumVisualStudioVersion = 10.0.40219.1
Project("{2150E333-8FDC-42A3-9474-1A3956D46DE8}") = "src", "src", "{256192AB-D4FB-43E9-A2EB-2B14CA73000F}"
EndProject
Project("{2150E333-8FDC-42A3-9474-1A3956D46DE8}") = "Building Blocks", "Building Blocks", "{10AA0776-DD5E-49F5-9361-6F2BAB265C87}"
EndProject
Project("{2150E333-8FDC-42A3-9474-1A3956D46DE8}") = "Services", "Services", "{BF6B7F76-91F5-4314-A7A1-0A801B7BFB1A}"
EndProject
Project("{2150E333-8FDC-42A3-9474-1A3956D46DE8}") = "Web", "Web", "{24A43EF3-7796-4253-954C-20B60F441295}"
EndProject
Project("{2150E333-8FDC-42A3-9474-1A3956D46DE8}") = "Identidade", "Identidade", "{09900B66-1D3F-4306-BBB5-397B146B9164}"
EndProject
Project("{FAE04EC0-301F-11D3-BF4B-00C04F79EFBC}") = "NSE.Identidade.API", "src\services\NSE.Identidade.API\NSE.Identidade.API.csproj", "{9F185085-F7BE-43A6-987A-EEE044C70044}"
EndProject
Project("{2150E333-8FDC-42A3-9474-1A3956D46DE8}") = "MVC", "MVC", "{A15D2627-9D3F-47CF-908E-18372BAA402B}"
EndProject
Project("{FAE04EC0-301F-11D3-BF4B-00C04F79EFBC}") = "NSE.WebApp.MVC", "src\web\NSE.WebApp.MVC\NSE.WebApp.MVC.csproj", "{1CDCEB31-C631-44AB-A7C9-342180BB01ED}"
EndProject
Project("{2150E333-8FDC-42A3-9474-1A3956D46DE8}") = "Core", "Core", "{E20196D9-9397-4159-B1ED-38B392C9A641}"
EndProject
Project("{FAE04EC0-301F-11D3-BF4B-00C04F79EFBC}") = "NSE.Core", "src\building blocks\NSE.Core\NSE.Core.csproj", "{71A9264B-37EA-47A5-93E2-32E2512D7BA8}"
EndProject
Project("{2150E333-8FDC-42A3-9474-1A3956D46DE8}") = "Carrinho", "Carrinho", "{E25283FD-6D65-4BEA-A318-0D70114AEBEA}"
EndProject
Project("{FAE04EC0-301F-11D3-BF4B-00C04F79EFBC}") = "NSE.Carrinho.API", "src\services\NSE.Carrinho.API\NSE.Carrinho.API.csproj", "{8370CA13-822F-4123-9997-F7B32BF53155}"
EndProject
Project("{2150E333-8FDC-42A3-9474-1A3956D46DE8}") = "Catalogo", "Catalogo", "{8F8D15CD-9EC3-4949-893B-761179B3FEB1}"
EndProject
Project("{2150E333-8FDC-42A3-9474-1A3956D46DE8}") = "Cliente", "Cliente", "{06FBB5B0-3F34-40E4-8D08-64D16CE9A7CD}"
EndProject
Project("{2150E333-8FDC-42A3-9474-1A3956D46DE8}") = "Pagamento", "Pagamento", "{7AF0D682-F64A-44AE-9DB7-1A9EA51D37ED}"
EndProject
Project("{2150E333-8FDC-42A3-9474-1A3956D46DE8}") = "Pedido", "Pedido", "{7AEF6030-8C0B-4F84-B9C1-B7CF1027F6C4}"
EndProject
Project("{FAE04EC0-301F-11D3-BF4B-00C04F79EFBC}") = "NSE.Catalogo.API", "src\services\NSE.Catalogo.API\NSE.Catalogo.API.csproj", "{91EF3418-3173-4FFA-9F80-223C5EA795F0}"
EndProject
Project("{FAE04EC0-301F-11D3-BF4B-00C04F79EFBC}") = "NSE.Cliente.API", "src\services\NSE.Cliente.API\NSE.Cliente.API.csproj", "{04AD88E1-F97B-45D6-B079-A8749C1EEAA6}"
EndProject
Project("{FAE04EC0-301F-11D3-BF4B-00C04F79EFBC}") = "NSE.Pagamento.API", "src\services\NSE.Pagamento.API\NSE.Pagamento.API.csproj", "{AC03F344-F2E4-456D-9AF5-4DB45300F3AE}"
EndProject
Project("{FAE04EC0-301F-11D3-BF4B-00C04F79EFBC}") = "NSE.Pedido.API", "src\services\NSE.Pedido.API\NSE.Pedido.API.csproj", "{BEE2CEB4-490C-4C4C-81A0-7D50EB298807}"
EndProject
Global
	GlobalSection(SolutionConfigurationPlatforms) = preSolution
		Debug|Any CPU = Debug|Any CPU
		Release|Any CPU = Release|Any CPU
	EndGlobalSection
	GlobalSection(ProjectConfigurationPlatforms) = postSolution
		{9F185085-F7BE-43A6-987A-EEE044C70044}.Debug|Any CPU.ActiveCfg = Debug|Any CPU
		{9F185085-F7BE-43A6-987A-EEE044C70044}.Debug|Any CPU.Build.0 = Debug|Any CPU
		{9F185085-F7BE-43A6-987A-EEE044C70044}.Release|Any CPU.ActiveCfg = Release|Any CPU
		{9F185085-F7BE-43A6-987A-EEE044C70044}.Release|Any CPU.Build.0 = Release|Any CPU
		{1CDCEB31-C631-44AB-A7C9-342180BB01ED}.Debug|Any CPU.ActiveCfg = Debug|Any CPU
		{1CDCEB31-C631-44AB-A7C9-342180BB01ED}.Debug|Any CPU.Build.0 = Debug|Any CPU
		{1CDCEB31-C631-44AB-A7C9-342180BB01ED}.Release|Any CPU.ActiveCfg = Release|Any CPU
		{1CDCEB31-C631-44AB-A7C9-342180BB01ED}.Release|Any CPU.Build.0 = Release|Any CPU
		{71A9264B-37EA-47A5-93E2-32E2512D7BA8}.Debug|Any CPU.ActiveCfg = Debug|Any CPU
		{71A9264B-37EA-47A5-93E2-32E2512D7BA8}.Debug|Any CPU.Build.0 = Debug|Any CPU
		{71A9264B-37EA-47A5-93E2-32E2512D7BA8}.Release|Any CPU.ActiveCfg = Release|Any CPU
		{71A9264B-37EA-47A5-93E2-32E2512D7BA8}.Release|Any CPU.Build.0 = Release|Any CPU
		{8370CA13-822F-4123-9997-F7B32BF53155}.Debug|Any CPU.ActiveCfg = Debug|Any CPU
		{8370CA13-822F-4123-9997-F7B32BF53155}.Debug|Any CPU.Build.0 = Debug|Any CPU
		{8370CA13-822F-4123-9997-F7B32BF53155}.Release|Any CPU.ActiveCfg = Release|Any CPU
		{8370CA13-822F-4123-9997-F7B32BF53155}.Release|Any CPU.Build.0 = Release|Any CPU
		{91EF3418-3173-4FFA-9F80-223C5EA795F0}.Debug|Any CPU.ActiveCfg = Debug|Any CPU
		{91EF3418-3173-4FFA-9F80-223C5EA795F0}.Debug|Any CPU.Build.0 = Debug|Any CPU
		{91EF3418-3173-4FFA-9F80-223C5EA795F0}.Release|Any CPU.ActiveCfg = Release|Any CPU
		{91EF3418-3173-4FFA-9F80-223C5EA795F0}.Release|Any CPU.Build.0 = Release|Any CPU
		{04AD88E1-F97B-45D6-B079-A8749C1EEAA6}.Debug|Any CPU.ActiveCfg = Debug|Any CPU
		{04AD88E1-F97B-45D6-B079-A8749C1EEAA6}.Debug|Any CPU.Build.0 = Debug|Any CPU
		{04AD88E1-F97B-45D6-B079-A8749C1EEAA6}.Release|Any CPU.ActiveCfg = Release|Any CPU
		{04AD88E1-F97B-45D6-B079-A8749C1EEAA6}.Release|Any CPU.Build.0 = Release|Any CPU
		{AC03F344-F2E4-456D-9AF5-4DB45300F3AE}.Debug|Any CPU.ActiveCfg = Debug|Any CPU
		{AC03F344-F2E4-456D-9AF5-4DB45300F3AE}.Debug|Any CPU.Build.0 = Debug|Any CPU
		{AC03F344-F2E4-456D-9AF5-4DB45300F3AE}.Release|Any CPU.ActiveCfg = Release|Any CPU
		{AC03F344-F2E4-456D-9AF5-4DB45300F3AE}.Release|Any CPU.Build.0 = Release|Any CPU
		{BEE2CEB4-490C-4C4C-81A0-7D50EB298807}.Debug|Any CPU.ActiveCfg = Debug|Any CPU
		{BEE2CEB4-490C-4C4C-81A0-7D50EB298807}.Debug|Any CPU.Build.0 = Debug|Any CPU
		{BEE2CEB4-490C-4C4C-81A0-7D50EB298807}.Release|Any CPU.ActiveCfg = Release|Any CPU
		{BEE2CEB4-490C-4C4C-81A0-7D50EB298807}.Release|Any CPU.Build.0 = Release|Any CPU
	EndGlobalSection
	GlobalSection(SolutionProperties) = preSolution
		HideSolutionNode = FALSE
	EndGlobalSection
	GlobalSection(NestedProjects) = preSolution
		{10AA0776-DD5E-49F5-9361-6F2BAB265C87} = {256192AB-D4FB-43E9-A2EB-2B14CA73000F}
		{BF6B7F76-91F5-4314-A7A1-0A801B7BFB1A} = {256192AB-D4FB-43E9-A2EB-2B14CA73000F}
		{24A43EF3-7796-4253-954C-20B60F441295} = {256192AB-D4FB-43E9-A2EB-2B14CA73000F}
		{09900B66-1D3F-4306-BBB5-397B146B9164} = {BF6B7F76-91F5-4314-A7A1-0A801B7BFB1A}
		{9F185085-F7BE-43A6-987A-EEE044C70044} = {09900B66-1D3F-4306-BBB5-397B146B9164}
		{A15D2627-9D3F-47CF-908E-18372BAA402B} = {24A43EF3-7796-4253-954C-20B60F441295}
		{1CDCEB31-C631-44AB-A7C9-342180BB01ED} = {A15D2627-9D3F-47CF-908E-18372BAA402B}
		{E20196D9-9397-4159-B1ED-38B392C9A641} = {10AA0776-DD5E-49F5-9361-6F2BAB265C87}
		{71A9264B-37EA-47A5-93E2-32E2512D7BA8} = {E20196D9-9397-4159-B1ED-38B392C9A641}
		{E25283FD-6D65-4BEA-A318-0D70114AEBEA} = {BF6B7F76-91F5-4314-A7A1-0A801B7BFB1A}
		{8370CA13-822F-4123-9997-F7B32BF53155} = {E25283FD-6D65-4BEA-A318-0D70114AEBEA}
		{8F8D15CD-9EC3-4949-893B-761179B3FEB1} = {BF6B7F76-91F5-4314-A7A1-0A801B7BFB1A}
		{06FBB5B0-3F34-40E4-8D08-64D16CE9A7CD} = {BF6B7F76-91F5-4314-A7A1-0A801B7BFB1A}
		{7AF0D682-F64A-44AE-9DB7-1A9EA51D37ED} = {BF6B7F76-91F5-4314-A7A1-0A801B7BFB1A}
		{7AEF6030-8C0B-4F84-B9C1-B7CF1027F6C4} = {BF6B7F76-91F5-4314-A7A1-0A801B7BFB1A}
		{91EF3418-3173-4FFA-9F80-223C5EA795F0} = {8F8D15CD-9EC3-4949-893B-761179B3FEB1}
		{04AD88E1-F97B-45D6-B079-A8749C1EEAA6} = {06FBB5B0-3F34-40E4-8D08-64D16CE9A7CD}
		{AC03F344-F2E4-456D-9AF5-4DB45300F3AE} = {7AF0D682-F64A-44AE-9DB7-1A9EA51D37ED}
		{BEE2CEB4-490C-4C4C-81A0-7D50EB298807} = {7AEF6030-8C0B-4F84-B9C1-B7CF1027F6C4}
	EndGlobalSection
	GlobalSection(ExtensibilityGlobals) = postSolution
		SolutionGuid = {BBF5E413-B246-40A5-89F9-5B0DEECDE119}
	EndGlobalSection
EndGlobal
